
Microsoft Visual Studio Solution File, Format Version 12.00
# Visual Studio Version 16
VisualStudioVersion = 16.0.30907.101
MinimumVisualStudioVersion = 10.0.40219.1
Project("{FAE04EC0-301F-11D3-BF4B-00C04F79EFBC}") = "OpenXMLFramework", "OpenXMLFramework\OpenXMLFramework.csproj", "{1CB1B16E-B010-46E5-BB2F-93A69B59014C}"
EndProject
Global
	GlobalSection(SolutionConfigurationPlatforms) = preSolution
		Debug|Any CPU = Debug|Any CPU
		Release|Any CPU = Release|Any CPU
	EndGlobalSection
	GlobalSection(ProjectConfigurationPlatforms) = postSolution
		{1CB1B16E-B010-46E5-BB2F-93A69B59014C}.Debug|Any CPU.ActiveCfg = Debug|Any CPU
		{1CB1B16E-B010-46E5-BB2F-93A69B59014C}.Debug|Any CPU.Build.0 = Debug|Any CPU
		{1CB1B16E-B010-46E5-BB2F-93A69B59014C}.Release|Any CPU.ActiveCfg = Release|Any CPU
		{1CB1B16E-B010-46E5-BB2F-93A69B59014C}.Release|Any CPU.Build.0 = Release|Any CPU
	EndGlobalSection
	GlobalSection(SolutionProperties) = preSolution
		HideSolutionNode = FALSE
	EndGlobalSection
	GlobalSection(ExtensibilityGlobals) = postSolution
		SolutionGuid = {C4AAB560-7A1A-4961-9D72-34B6C0953856}
	EndGlobalSection
EndGlobal
